
Microsoft Visual Studio Solution File, Format Version 12.00
# Visual Studio 15
VisualStudioVersion = 15.0.28010.2046
MinimumVisualStudioVersion = 10.0.40219.1
Project("{FAE04EC0-301F-11D3-BF4B-00C04F79EFBC}") = "Minesweeper", "Minesweeper\Minesweeper.csproj", "{2815185E-39BE-466E-ACCB-0C04DE2A8609}"
EndProject
Global
	GlobalSection(SolutionConfigurationPlatforms) = preSolution
		Debug|Any CPU = Debug|Any CPU
		Release|Any CPU = Release|Any CPU
	EndGlobalSection
	GlobalSection(ProjectConfigurationPlatforms) = postSolution
		{2815185E-39BE-466E-ACCB-0C04DE2A8609}.Debug|Any CPU.ActiveCfg = Debug|Any CPU
		{2815185E-39BE-466E-ACCB-0C04DE2A8609}.Debug|Any CPU.Build.0 = Debug|Any CPU
		{2815185E-39BE-466E-ACCB-0C04DE2A8609}.Debug|Any CPU.Deploy.0 = Debug|Any CPU
		{2815185E-39BE-466E-ACCB-0C04DE2A8609}.Release|Any CPU.ActiveCfg = Release|Any CPU
		{2815185E-39BE-466E-ACCB-0C04DE2A8609}.Release|Any CPU.Build.0 = Release|Any CPU
		{2815185E-39BE-466E-ACCB-0C04DE2A8609}.Release|Any CPU.Deploy.0 = Release|Any CPU
	EndGlobalSection
	GlobalSection(SolutionProperties) = preSolution
		HideSolutionNode = FALSE
	EndGlobalSection
	GlobalSection(ExtensibilityGlobals) = postSolution
		SolutionGuid = {9E0A8C58-2AC8-4E31-A8FD-29233B62FC92}
	EndGlobalSection
EndGlobal
